
Microsoft Visual Studio Solution File, Format Version 12.00
# Visual Studio Version 16
VisualStudioVersion = 16.0.30503.244
MinimumVisualStudioVersion = 10.0.40219.1
Project("{FAE04EC0-301F-11D3-BF4B-00C04F79EFBC}") = "Operaciones con vectores", "Operaciones con vectores\Operaciones con vectores.csproj", "{AA9C8B76-D0C3-4921-A27F-EFAE399C1407}"
EndProject
Global
	GlobalSection(SolutionConfigurationPlatforms) = preSolution
		Debug|Any CPU = Debug|Any CPU
		Release|Any CPU = Release|Any CPU
	EndGlobalSection
	GlobalSection(ProjectConfigurationPlatforms) = postSolution
		{AA9C8B76-D0C3-4921-A27F-EFAE399C1407}.Debug|Any CPU.ActiveCfg = Debug|Any CPU
		{AA9C8B76-D0C3-4921-A27F-EFAE399C1407}.Debug|Any CPU.Build.0 = Debug|Any CPU
		{AA9C8B76-D0C3-4921-A27F-EFAE399C1407}.Release|Any CPU.ActiveCfg = Release|Any CPU
		{AA9C8B76-D0C3-4921-A27F-EFAE399C1407}.Release|Any CPU.Build.0 = Release|Any CPU
	EndGlobalSection
	GlobalSection(SolutionProperties) = preSolution
		HideSolutionNode = FALSE
	EndGlobalSection
	GlobalSection(ExtensibilityGlobals) = postSolution
		SolutionGuid = {C21BA160-1E57-4DDC-91B3-543DA659C5A9}
	EndGlobalSection
EndGlobal
